<?xml version="1.0" encoding="UTF-8"?>
<CodeBlocks_project_file>
	<FileVersion major="1" minor="6"/>
	<Project>
		<Option title="mpi2324"/>
		<Option makefile_is_custom="1"/>
		<Option compiler="gcc"/>
		<Option virtualFolders="CMake Files\;"/>
		<Build>
			<Target title="all">
				<Option working_dir="/workspace/MPI2324Study"/>
				<Option type="4"/>
				<MakeCommands>
					<Build command="/usr/bin/gmake -f &quot;/workspace/MPI2324Study/Makefile&quot;  VERBOSE=1 all"/>
					<CompileFile command="/usr/bin/gmake -f &quot;/workspace/MPI2324Study/Makefile&quot;  VERBOSE=1 &quot;$file&quot;"/>
					<Clean command="/usr/bin/gmake -f &quot;/workspace/MPI2324Study/Makefile&quot;  VERBOSE=1 clean"/>
					<DistClean command="/usr/bin/gmake -f &quot;/workspace/MPI2324Study/Makefile&quot;  VERBOSE=1 clean"/>
				</MakeCommands>
			</Target>
			<Target title="ejemplo01">
				<Option output="/workspace/MPI2324Study/ejemplo01" prefix_auto="0" extension_auto="0"/>
				<Option working_dir="/workspace/MPI2324Study"/>
				<Option object_output="./"/>
				<Option type="1"/>
				<Option compiler="gcc"/>
				<Compiler>
					<Add directory="/usr/lib/x86_64-linux-gnu/openmpi/include"/>
					<Add directory="/usr/lib/x86_64-linux-gnu/openmpi/include/openmpi"/>
				</Compiler>
				<MakeCommands>
					<Build command="/usr/bin/gmake -f &quot;/workspace/MPI2324Study/Makefile&quot;  VERBOSE=1 ejemplo01"/>
					<CompileFile command="/usr/bin/gmake -f &quot;/workspace/MPI2324Study/Makefile&quot;  VERBOSE=1 &quot;$file&quot;"/>
					<Clean command="/usr/bin/gmake -f &quot;/workspace/MPI2324Study/Makefile&quot;  VERBOSE=1 clean"/>
					<DistClean command="/usr/bin/gmake -f &quot;/workspace/MPI2324Study/Makefile&quot;  VERBOSE=1 clean"/>
				</MakeCommands>
			</Target>
			<Target title="ejemplo01/fast">
				<Option output="/workspace/MPI2324Study/ejemplo01" prefix_auto="0" extension_auto="0"/>
				<Option working_dir="/workspace/MPI2324Study"/>
				<Option object_output="./"/>
				<Option type="1"/>
				<Option compiler="gcc"/>
				<Compiler>
					<Add directory="/usr/lib/x86_64-linux-gnu/openmpi/include"/>
					<Add directory="/usr/lib/x86_64-linux-gnu/openmpi/include/openmpi"/>
				</Compiler>
				<MakeCommands>
					<Build command="/usr/bin/gmake -f &quot;/workspace/MPI2324Study/Makefile&quot;  VERBOSE=1 ejemplo01/fast"/>
					<CompileFile command="/usr/bin/gmake -f &quot;/workspace/MPI2324Study/Makefile&quot;  VERBOSE=1 &quot;$file&quot;"/>
					<Clean command="/usr/bin/gmake -f &quot;/workspace/MPI2324Study/Makefile&quot;  VERBOSE=1 clean"/>
					<DistClean command="/usr/bin/gmake -f &quot;/workspace/MPI2324Study/Makefile&quot;  VERBOSE=1 clean"/>
				</MakeCommands>
			</Target>
			<Target title="ejemplo03_completo">
				<Option output="/workspace/MPI2324Study/ejemplo03_completo" prefix_auto="0" extension_auto="0"/>
				<Option working_dir="/workspace/MPI2324Study"/>
				<Option object_output="./"/>
				<Option type="1"/>
				<Option compiler="gcc"/>
				<Compiler>
					<Add directory="/usr/lib/x86_64-linux-gnu/openmpi/include"/>
					<Add directory="/usr/lib/x86_64-linux-gnu/openmpi/include/openmpi"/>
				</Compiler>
				<MakeCommands>
					<Build command="/usr/bin/gmake -f &quot;/workspace/MPI2324Study/Makefile&quot;  VERBOSE=1 ejemplo03_completo"/>
					<CompileFile command="/usr/bin/gmake -f &quot;/workspace/MPI2324Study/Makefile&quot;  VERBOSE=1 &quot;$file&quot;"/>
					<Clean command="/usr/bin/gmake -f &quot;/workspace/MPI2324Study/Makefile&quot;  VERBOSE=1 clean"/>
					<DistClean command="/usr/bin/gmake -f &quot;/workspace/MPI2324Study/Makefile&quot;  VERBOSE=1 clean"/>
				</MakeCommands>
			</Target>
			<Target title="ejemplo03_completo/fast">
				<Option output="/workspace/MPI2324Study/ejemplo03_completo" prefix_auto="0" extension_auto="0"/>
				<Option working_dir="/workspace/MPI2324Study"/>
				<Option object_output="./"/>
				<Option type="1"/>
				<Option compiler="gcc"/>
				<Compiler>
					<Add directory="/usr/lib/x86_64-linux-gnu/openmpi/include"/>
					<Add directory="/usr/lib/x86_64-linux-gnu/openmpi/include/openmpi"/>
				</Compiler>
				<MakeCommands>
					<Build command="/usr/bin/gmake -f &quot;/workspace/MPI2324Study/Makefile&quot;  VERBOSE=1 ejemplo03_completo/fast"/>
					<CompileFile command="/usr/bin/gmake -f &quot;/workspace/MPI2324Study/Makefile&quot;  VERBOSE=1 &quot;$file&quot;"/>
					<Clean command="/usr/bin/gmake -f &quot;/workspace/MPI2324Study/Makefile&quot;  VERBOSE=1 clean"/>
					<DistClean command="/usr/bin/gmake -f &quot;/workspace/MPI2324Study/Makefile&quot;  VERBOSE=1 clean"/>
				</MakeCommands>
			</Target>
			<Target title="edit_cache">
				<Option working_dir="/workspace/MPI2324Study"/>
				<Option type="4"/>
				<MakeCommands>
					<Build command="/usr/bin/gmake -f &quot;/workspace/MPI2324Study/Makefile&quot;  VERBOSE=1 edit_cache"/>
					<CompileFile command="/usr/bin/gmake -f &quot;/workspace/MPI2324Study/Makefile&quot;  VERBOSE=1 &quot;$file&quot;"/>
					<Clean command="/usr/bin/gmake -f &quot;/workspace/MPI2324Study/Makefile&quot;  VERBOSE=1 clean"/>
					<DistClean command="/usr/bin/gmake -f &quot;/workspace/MPI2324Study/Makefile&quot;  VERBOSE=1 clean"/>
				</MakeCommands>
			</Target>
			<Target title="rebuild_cache">
				<Option working_dir="/workspace/MPI2324Study"/>
				<Option type="4"/>
				<MakeCommands>
					<Build command="/usr/bin/gmake -f &quot;/workspace/MPI2324Study/Makefile&quot;  VERBOSE=1 rebuild_cache"/>
					<CompileFile command="/usr/bin/gmake -f &quot;/workspace/MPI2324Study/Makefile&quot;  VERBOSE=1 &quot;$file&quot;"/>
					<Clean command="/usr/bin/gmake -f &quot;/workspace/MPI2324Study/Makefile&quot;  VERBOSE=1 clean"/>
					<DistClean command="/usr/bin/gmake -f &quot;/workspace/MPI2324Study/Makefile&quot;  VERBOSE=1 clean"/>
				</MakeCommands>
			</Target>
		</Build>
		<Unit filename="/workspace/MPI2324Study/MPIstudy.cpp">
			<Option target="ejemplo01"/>
		</Unit>
		<Unit filename="/workspace/MPI2324Study/ejemplo01.cpp">
			<Option target="ejemplo01"/>
		</Unit>
		<Unit filename="/workspace/MPI2324Study/ejemplo02.cpp">
			<Option target="ejemplo01"/>
		</Unit>
		<Unit filename="/workspace/MPI2324Study/ejemplo03_completo.cpp">
			<Option target="ejemplo03_completo"/>
		</Unit>
		<Unit filename="/workspace/MPI2324Study/ejemplo_matrices.cpp">
			<Option target="ejemplo01"/>
		</Unit>
		<Unit filename="/workspace/MPI2324Study/CMakeLists.txt">
			<Option virtualFolder="CMake Files\"/>
		</Unit>
	</Project>
</CodeBlocks_project_file>
